<?xml version="1.0" encoding="utf-8"?>
<Project ToolsVersion="4.0" xmlns="http://schemas.microsoft.com/developer/msbuild/2003">
  <ItemGroup>
    <Filter Include="Fichiers sources">
      <UniqueIdentifier>{4FC737F1-C7A5-4376-A066-2A32D752A2FF}</UniqueIdentifier>
      <Extensions>cpp;c;cc;cxx;c++;cppm;ixx;def;odl;idl;hpj;bat;asm;asmx</Extensions>
    </Filter>
    <Filter Include="Fichiers d%27en-tête">
      <UniqueIdentifier>{93995380-89BD-4b04-88EB-625FBE52EBFB}</UniqueIdentifier>
      <Extensions>h;hh;hpp;hxx;h++;hm;inl;inc;ipp;xsd</Extensions>
    </Filter>
    <Filter Include="Fichiers de ressources">
      <UniqueIdentifier>{67DA6AB6-F800-4c08-8B7A-83BB121AAD01}</UniqueIdentifier>
      <Extensions>rc;ico;cur;bmp;dlg;rc2;rct;bin;rgs;gif;jpg;jpeg;jpe;resx;tiff;tif;png;wav;mfcribbon-ms</Extensions>
    </Filter>
    <Filter Include="Classes">
      <UniqueIdentifier>{8f4e2cd4-be6c-4269-a5d3-a69e5f8b36d2}</UniqueIdentifier>
    </Filter>
    <Filter Include="Classes\Game">
      <UniqueIdentifier>{9f9e1c36-7fe2-41a4-ae4c-9ff0bccee2af}</UniqueIdentifier>
    </Filter>
    <Filter Include="Classes\States">
      <UniqueIdentifier>{f3adc853-2570-4bbe-882f-c3e02258a0d6}</UniqueIdentifier>
    </Filter>
    <Filter Include="Classes\States\GameState">
      <UniqueIdentifier>{3baf47e1-aaf8-45ab-8bfa-5e32b564779d}</UniqueIdentifier>
    </Filter>
    <Filter Include="Classes\States\MainMenuState">
      <UniqueIdentifier>{70dcb54f-e46c-4c86-bb1f-bb0f13b7e473}</UniqueIdentifier>
    </Filter>
    <Filter Include="Classes\Entity">
      <UniqueIdentifier>{793d9097-d318-4b3a-8022-913f660bfc45}</UniqueIdentifier>
    </Filter>
    <Filter Include="Classes\Entity\Character">
      <UniqueIdentifier>{063460c8-adb5-41ae-a5b6-0bcec8fb4308}</UniqueIdentifier>
    </Filter>
    <Filter Include="Classes\Entity\Character\Player">
      <UniqueIdentifier>{cd159620-f32b-41dc-8c59-8025ce134b04}</UniqueIdentifier>
    </Filter>
    <Filter Include="Classes\GUI">
      <UniqueIdentifier>{435315f8-29b6-4268-82b3-1e14109fa395}</UniqueIdentifier>
    </Filter>
    <Filter Include="Classes\GUI\Button">
      <UniqueIdentifier>{d1dc0e7f-a596-4d61-9f74-906a0b6620e4}</UniqueIdentifier>
    </Filter>
    <Filter Include="Classes\Entity\Character\Enemy">
      <UniqueIdentifier>{88a15244-a5e5-48bf-81db-d2a7b3d49884}</UniqueIdentifier>
    </Filter>
    <Filter Include="Classes\Entity\Bullet">
      <UniqueIdentifier>{201fe9dd-f31c-41b1-aacc-9e84758f3245}</UniqueIdentifier>
    </Filter>
    <Filter Include="Classes\Entity\Bonus">
      <UniqueIdentifier>{7215bec2-cfc3-4f68-afbe-780ff8ccf231}</UniqueIdentifier>
    </Filter>
    <Filter Include="Classes\GUI\HUD">
      <UniqueIdentifier>{8aaf3b9a-4b54-4b2e-a9da-9b4592b47023}</UniqueIdentifier>
    </Filter>
  </ItemGroup>
  <ItemGroup>
    <ClCompile Include="Main.cpp">
      <Filter>Fichiers sources</Filter>
    </ClCompile>
    <ClCompile Include="Game.cpp">
      <Filter>Classes\Game</Filter>
    </ClCompile>
    <ClCompile Include="State.cpp">
      <Filter>Classes\States</Filter>
    </ClCompile>
    <ClCompile Include="GameState.cpp">
      <Filter>Classes\States\GameState</Filter>
    </ClCompile>
    <ClCompile Include="MainMenuState.cpp">
      <Filter>Classes\States\MainMenuState</Filter>
    </ClCompile>
    <ClCompile Include="Button.cpp">
      <Filter>Classes\GUI\Button</Filter>
    </ClCompile>
    <ClCompile Include="pch.cpp">
      <Filter>Fichiers sources</Filter>
    </ClCompile>
    <ClCompile Include="Entity.cpp">
      <Filter>Classes\Entity</Filter>
    </ClCompile>
    <ClCompile Include="Player.cpp">
      <Filter>Classes\Entity\Character\Player</Filter>
    </ClCompile>
    <ClCompile Include="Enemy.cpp">
      <Filter>Classes\Entity\Character\Enemy</Filter>
    </ClCompile>
    <ClCompile Include="Bullet.cpp">
      <Filter>Classes\Entity\Bullet</Filter>
    </ClCompile>
    <ClCompile Include="LevelEnded.cpp">
      <Filter>Classes\GUI\HUD</Filter>
    </ClCompile>
    <ClCompile Include="Bonus.cpp">
      <Filter>Classes\Entity\Bonus</Filter>
    </ClCompile>
  </ItemGroup>
  <ItemGroup>
    <ClInclude Include="Game.h">
      <Filter>Classes\Game</Filter>
    </ClInclude>
    <ClInclude Include="pch.h">
      <Filter>Fichiers d%27en-tête</Filter>
    </ClInclude>
    <ClInclude Include="State.h">
      <Filter>Classes\States</Filter>
    </ClInclude>
    <ClInclude Include="GameState.h">
      <Filter>Classes\States\GameState</Filter>
    </ClInclude>
    <ClInclude Include="MainMenuState.h">
      <Filter>Classes\States\MainMenuState</Filter>
    </ClInclude>
    <ClInclude Include="Button.h">
      <Filter>Classes\GUI\Button</Filter>
    </ClInclude>
    <ClInclude Include="Entity.h">
      <Filter>Classes\Entity</Filter>
    </ClInclude>
    <ClInclude Include="Player.h">
      <Filter>Classes\Entity\Character\Player</Filter>
    </ClInclude>
    <ClInclude Include="Enemy.h">
      <Filter>Classes\Entity\Character\Enemy</Filter>
    </ClInclude>
    <ClInclude Include="Bullet.h">
      <Filter>Classes\Entity\Bullet</Filter>
    </ClInclude>
    <ClInclude Include="Tool.h">
      <Filter>Fichiers d%27en-tête</Filter>
    </ClInclude>
    <ClInclude Include="LevelEnded.h">
      <Filter>Classes\GUI\HUD</Filter>
    </ClInclude>
    <ClInclude Include="Bonus.h">
      <Filter>Classes\Entity\Bonus</Filter>
    </ClInclude>
  </ItemGroup>
</Project>